
Microsoft Visual Studio Solution File, Format Version 12.00
# Visual Studio Version 17
VisualStudioVersion = 17.9.34714.143
MinimumVisualStudioVersion = 10.0.40219.1
Project("{FAE04EC0-301F-11D3-BF4B-00C04F79EFBC}") = "WebDiaryApi", "WebDiaryApi\WebDiaryApi.csproj", "{777B5DBC-74D2-427F-BCA7-44426F6EC3A5}"
EndProject
Global
	GlobalSection(SolutionConfigurationPlatforms) = preSolution
		Debug|Any CPU = Debug|Any CPU
		Release|Any CPU = Release|Any CPU
	EndGlobalSection
	GlobalSection(ProjectConfigurationPlatforms) = postSolution
		{777B5DBC-74D2-427F-BCA7-44426F6EC3A5}.Debug|Any CPU.ActiveCfg = Debug|Any CPU
		{777B5DBC-74D2-427F-BCA7-44426F6EC3A5}.Debug|Any CPU.Build.0 = Debug|Any CPU
		{777B5DBC-74D2-427F-BCA7-44426F6EC3A5}.Release|Any CPU.ActiveCfg = Release|Any CPU
		{777B5DBC-74D2-427F-BCA7-44426F6EC3A5}.Release|Any CPU.Build.0 = Release|Any CPU
	EndGlobalSection
	GlobalSection(SolutionProperties) = preSolution
		HideSolutionNode = FALSE
	EndGlobalSection
	GlobalSection(ExtensibilityGlobals) = postSolution
		SolutionGuid = {2ED866CE-3ED8-4E89-AE86-C6A953788D02}
	EndGlobalSection
EndGlobal
